
Microsoft Visual Studio Solution File, Format Version 12.00
# Visual Studio Version 17
VisualStudioVersion = 17.9.34607.119
MinimumVisualStudioVersion = 10.0.40219.1
Project("{FAE04EC0-301F-11D3-BF4B-00C04F79EFBC}") = "RegisterForm", "RegisterForm\RegisterForm.csproj", "{EDEA0B93-9675-47B0-B2BF-7E6285C52CBA}"
EndProject
Global
	GlobalSection(SolutionConfigurationPlatforms) = preSolution
		Debug|Any CPU = Debug|Any CPU
		Release|Any CPU = Release|Any CPU
	EndGlobalSection
	GlobalSection(ProjectConfigurationPlatforms) = postSolution
		{EDEA0B93-9675-47B0-B2BF-7E6285C52CBA}.Debug|Any CPU.ActiveCfg = Debug|Any CPU
		{EDEA0B93-9675-47B0-B2BF-7E6285C52CBA}.Debug|Any CPU.Build.0 = Debug|Any CPU
		{EDEA0B93-9675-47B0-B2BF-7E6285C52CBA}.Release|Any CPU.ActiveCfg = Release|Any CPU
		{EDEA0B93-9675-47B0-B2BF-7E6285C52CBA}.Release|Any CPU.Build.0 = Release|Any CPU
	EndGlobalSection
	GlobalSection(SolutionProperties) = preSolution
		HideSolutionNode = FALSE
	EndGlobalSection
	GlobalSection(ExtensibilityGlobals) = postSolution
		SolutionGuid = {F16DCF8C-1483-4BFC-9C23-028420D96F65}
	EndGlobalSection
EndGlobal
